
Microsoft Visual Studio Solution File, Format Version 12.00
# Visual Studio Version 17
VisualStudioVersion = 17.3.32922.545
MinimumVisualStudioVersion = 10.0.40219.1
Project("{9A19103F-16F7-4668-BE54-9A1E7A4F7556}") = "Day1", "Day1\Day1.csproj", "{DD22DE71-BA02-4528-98A9-9C379DD87D86}"
EndProject
Project("{9A19103F-16F7-4668-BE54-9A1E7A4F7556}") = "Day2", "Day2\Day2.csproj", "{D3A5C4B2-60ED-455C-B952-B15045CD7012}"
EndProject
Project("{9A19103F-16F7-4668-BE54-9A1E7A4F7556}") = "Day3", "Day3\Day3.csproj", "{C1E5BF36-2149-4146-AAD7-5219D3044CD0}"
EndProject
Project("{9A19103F-16F7-4668-BE54-9A1E7A4F7556}") = "Day4", "Day4\Day4.csproj", "{3C9B08B3-40E7-49B1-AD2A-B1CB216E4483}"
EndProject
Project("{9A19103F-16F7-4668-BE54-9A1E7A4F7556}") = "Day5", "Day5\Day5.csproj", "{F92AE39B-B73D-48DD-B77F-46A696416ABE}"
EndProject
Project("{9A19103F-16F7-4668-BE54-9A1E7A4F7556}") = "Day6", "Day6\Day6.csproj", "{39F4F7C7-3D3B-4706-9487-BF60BA2FE8C5}"
EndProject
Project("{9A19103F-16F7-4668-BE54-9A1E7A4F7556}") = "Day7", "Day7\Day7.csproj", "{AC391A44-C126-4F4E-A3D1-0A753E12696A}"
EndProject
Project("{FAE04EC0-301F-11D3-BF4B-00C04F79EFBC}") = "Day8", "Day8\Day8.csproj", "{4768C206-9094-4D85-ABA8-85966D4A048B}"
EndProject
Global
	GlobalSection(SolutionConfigurationPlatforms) = preSolution
		Debug|Any CPU = Debug|Any CPU
		Release|Any CPU = Release|Any CPU
	EndGlobalSection
	GlobalSection(ProjectConfigurationPlatforms) = postSolution
		{DD22DE71-BA02-4528-98A9-9C379DD87D86}.Debug|Any CPU.ActiveCfg = Debug|Any CPU
		{DD22DE71-BA02-4528-98A9-9C379DD87D86}.Debug|Any CPU.Build.0 = Debug|Any CPU
		{DD22DE71-BA02-4528-98A9-9C379DD87D86}.Release|Any CPU.ActiveCfg = Release|Any CPU
		{DD22DE71-BA02-4528-98A9-9C379DD87D86}.Release|Any CPU.Build.0 = Release|Any CPU
		{D3A5C4B2-60ED-455C-B952-B15045CD7012}.Debug|Any CPU.ActiveCfg = Debug|Any CPU
		{D3A5C4B2-60ED-455C-B952-B15045CD7012}.Debug|Any CPU.Build.0 = Debug|Any CPU
		{D3A5C4B2-60ED-455C-B952-B15045CD7012}.Release|Any CPU.ActiveCfg = Release|Any CPU
		{D3A5C4B2-60ED-455C-B952-B15045CD7012}.Release|Any CPU.Build.0 = Release|Any CPU
		{C1E5BF36-2149-4146-AAD7-5219D3044CD0}.Debug|Any CPU.ActiveCfg = Debug|Any CPU
		{C1E5BF36-2149-4146-AAD7-5219D3044CD0}.Debug|Any CPU.Build.0 = Debug|Any CPU
		{C1E5BF36-2149-4146-AAD7-5219D3044CD0}.Release|Any CPU.ActiveCfg = Release|Any CPU
		{C1E5BF36-2149-4146-AAD7-5219D3044CD0}.Release|Any CPU.Build.0 = Release|Any CPU
		{3C9B08B3-40E7-49B1-AD2A-B1CB216E4483}.Debug|Any CPU.ActiveCfg = Debug|Any CPU
		{3C9B08B3-40E7-49B1-AD2A-B1CB216E4483}.Debug|Any CPU.Build.0 = Debug|Any CPU
		{3C9B08B3-40E7-49B1-AD2A-B1CB216E4483}.Release|Any CPU.ActiveCfg = Release|Any CPU
		{3C9B08B3-40E7-49B1-AD2A-B1CB216E4483}.Release|Any CPU.Build.0 = Release|Any CPU
		{F92AE39B-B73D-48DD-B77F-46A696416ABE}.Debug|Any CPU.ActiveCfg = Debug|Any CPU
		{F92AE39B-B73D-48DD-B77F-46A696416ABE}.Debug|Any CPU.Build.0 = Debug|Any CPU
		{F92AE39B-B73D-48DD-B77F-46A696416ABE}.Release|Any CPU.ActiveCfg = Release|Any CPU
		{F92AE39B-B73D-48DD-B77F-46A696416ABE}.Release|Any CPU.Build.0 = Release|Any CPU
		{39F4F7C7-3D3B-4706-9487-BF60BA2FE8C5}.Debug|Any CPU.ActiveCfg = Debug|Any CPU
		{39F4F7C7-3D3B-4706-9487-BF60BA2FE8C5}.Debug|Any CPU.Build.0 = Debug|Any CPU
		{39F4F7C7-3D3B-4706-9487-BF60BA2FE8C5}.Release|Any CPU.ActiveCfg = Release|Any CPU
		{39F4F7C7-3D3B-4706-9487-BF60BA2FE8C5}.Release|Any CPU.Build.0 = Release|Any CPU
		{AC391A44-C126-4F4E-A3D1-0A753E12696A}.Debug|Any CPU.ActiveCfg = Debug|Any CPU
		{AC391A44-C126-4F4E-A3D1-0A753E12696A}.Debug|Any CPU.Build.0 = Debug|Any CPU
		{AC391A44-C126-4F4E-A3D1-0A753E12696A}.Release|Any CPU.ActiveCfg = Release|Any CPU
		{AC391A44-C126-4F4E-A3D1-0A753E12696A}.Release|Any CPU.Build.0 = Release|Any CPU
		{4768C206-9094-4D85-ABA8-85966D4A048B}.Debug|Any CPU.ActiveCfg = Debug|Any CPU
		{4768C206-9094-4D85-ABA8-85966D4A048B}.Debug|Any CPU.Build.0 = Debug|Any CPU
		{4768C206-9094-4D85-ABA8-85966D4A048B}.Release|Any CPU.ActiveCfg = Release|Any CPU
		{4768C206-9094-4D85-ABA8-85966D4A048B}.Release|Any CPU.Build.0 = Release|Any CPU
	EndGlobalSection
	GlobalSection(SolutionProperties) = preSolution
		HideSolutionNode = FALSE
	EndGlobalSection
	GlobalSection(ExtensibilityGlobals) = postSolution
		SolutionGuid = {2F184192-8AC2-4EF1-8325-162306A46B1D}
	EndGlobalSection
EndGlobal
