
Microsoft Visual Studio Solution File, Format Version 12.00
# Visual Studio Version 17
VisualStudioVersion = 17.3.32922.545
MinimumVisualStudioVersion = 10.0.40219.1
Project("{FAE04EC0-301F-11D3-BF4B-00C04F79EFBC}") = "Day1", "Day1\Day1.csproj", "{DD22DE71-BA02-4528-98A9-9C379DD87D86}"
EndProject
Global
	GlobalSection(SolutionConfigurationPlatforms) = preSolution
		Debug|Any CPU = Debug|Any CPU
		Release|Any CPU = Release|Any CPU
	EndGlobalSection
	GlobalSection(ProjectConfigurationPlatforms) = postSolution
		{DD22DE71-BA02-4528-98A9-9C379DD87D86}.Debug|Any CPU.ActiveCfg = Debug|Any CPU
		{DD22DE71-BA02-4528-98A9-9C379DD87D86}.Debug|Any CPU.Build.0 = Debug|Any CPU
		{DD22DE71-BA02-4528-98A9-9C379DD87D86}.Release|Any CPU.ActiveCfg = Release|Any CPU
		{DD22DE71-BA02-4528-98A9-9C379DD87D86}.Release|Any CPU.Build.0 = Release|Any CPU
	EndGlobalSection
	GlobalSection(SolutionProperties) = preSolution
		HideSolutionNode = FALSE
	EndGlobalSection
	GlobalSection(ExtensibilityGlobals) = postSolution
		SolutionGuid = {2F184192-8AC2-4EF1-8325-162306A46B1D}
	EndGlobalSection
EndGlobal
